<Solution>
  <Folder Name="/Shared/">
    <Project Path="Shared/Domain/Domain.csproj" />
    <Project Path="Shared/Infrastructure/Infrastructure.csproj" />
  </Folder>
  <Folder Name="/Modules/">
    <Project Path="Modules/PdfDocuments/PdfDocuments.csproj" />
  </Folder>
  <Folder Name="/Frontend/">
    <Project Path="Frontend/WebApplication1/WebApplication1.csproj" />
  </Folder>
</Solution>
